{
  "lockfileVersion": 1,
  "configVersion": 1,
  "workspaces": {
    "": {
      "name": "agent-video",
      "devDependencies": {
        "@types/bun": "latest",
        "oxlint": "^0.15.0",
        "typescript": "^5.7.0",
      },
    },
    "packages/cli": {
      "name": "@agent-video/cli",
      "version": "0.0.0",
      "bin": {
        "agent-video": "./src/index.ts",
      },
      "dependencies": {
        "@agent-video/core": "workspace:*",
      },
    },
    "packages/core": {
      "name": "@agent-video/core",
      "version": "0.0.0",
      "dependencies": {
        "zod": "^3.24.4",
        "zod-to-json-schema": "^3.24.1",
      },
    },
  },
  "packages": {
    "@agent-video/cli": ["@agent-video/cli@workspace:packages/cli"],

    "@agent-video/core": ["@agent-video/core@workspace:packages/core"],

    "@oxlint/darwin-arm64": ["@oxlint/darwin-arm64@0.15.15", "", { "os": "darwin", "cpu": "arm64" }, "sha512-7GOyGM6D36lUhsOvavAVpF72SycPVG0Enunx0bzv8g0+9TklzOSFN3FJlZjLst14VPdZWujZMLgkQC7tOp+Rwg=="],

    "@oxlint/darwin-x64": ["@oxlint/darwin-x64@0.15.15", "", { "os": "darwin", "cpu": "x64" }, "sha512-pbrnYFwMn/fuX0z3IeQ05Nvo/b1zGxjmmWgkrQSDwYHxBxP6NT41hk1pmqkcA+v53xk9wvOa/6vBBI/U30F8Ow=="],

    "@oxlint/linux-arm64-gnu": ["@oxlint/linux-arm64-gnu@0.15.15", "", { "os": "linux", "cpu": "arm64" }, "sha512-QWjG3YVsDlIvDTBUPmtPiyqP34ZQpFJqQh2JO94pBih11lFxQ0IGVMEXDhmW3WdiSFPZSJsZGzWynalM9eg+RA=="],

    "@oxlint/linux-arm64-musl": ["@oxlint/linux-arm64-musl@0.15.15", "", { "os": "linux", "cpu": "arm64" }, "sha512-4W0YsmMSbNzzExOWhk+6zNfmJEmKFqSjFIn8CKLtYFvH8kF6KjoW4/0HNsDNYW5Fz+KOut/2JgkvxAiKH+r0zA=="],

    "@oxlint/linux-x64-gnu": ["@oxlint/linux-x64-gnu@0.15.15", "", { "os": "linux", "cpu": "x64" }, "sha512-agP3e+eQ6tE5tqN6VI4Uukx2yvjwYFjtrDMcB19J7PmGOaFRwuMuT0sNWK/9guvhuS9aCINNZTi3kEhMy9Qgng=="],

    "@oxlint/linux-x64-musl": ["@oxlint/linux-x64-musl@0.15.15", "", { "os": "linux", "cpu": "x64" }, "sha512-L2qE9NhhUafsJOO4pofLx/0hW5IB0sfJa6bS85q0j+ySaI0f3CxMaAadrZLFSuqHWB3oF18B5yvzaPWsc2ohbQ=="],

    "@oxlint/win32-arm64": ["@oxlint/win32-arm64@0.15.15", "", { "os": "win32", "cpu": "arm64" }, "sha512-B7f4VAS/E78n8zy6XZlNeyYOtWTel4BJn/22Ap2yEAlNzO34ot8dGfpLk6MqTUWJrRnARwVBVmc3wRVrsOT5yg=="],

    "@oxlint/win32-x64": ["@oxlint/win32-x64@0.15.15", "", { "os": "win32", "cpu": "x64" }, "sha512-ZM9T3/OpaQ3qvrk/VuHO2EQmhNH4cOZdr/b/Ju9VKwBr+ahhqMn3W5srrplWQWxfsb0yd1yBj7iD0jdAps2iLg=="],

    "@types/bun": ["@types/bun@1.3.14", "", { "dependencies": { "bun-types": "1.3.14" } }, "sha512-h1hFqFVcvAvD9j9K7ZW7vd82aSA+rTdznZa+5bwvCwqSB1jmmfLcbIWhOLx1/+boy/xmjgCs/OMUL8hRJSmnPw=="],

    "@types/node": ["@types/node@26.0.0", "", { "dependencies": { "undici-types": "~8.3.0" } }, "sha512-vf2YFi1iY9lHGwNJMs01biZFbKJkrZR1T6/MlzjhJLPdntOHLhTrDSnSVcdtvjihi4VQNlrFRIxLsDBlQpAipA=="],

    "bun-types": ["bun-types@1.3.14", "", { "dependencies": { "@types/node": "*" } }, "sha512-4N0ig0fEomHt5R0KCFWjovxow98rIoRwKolrYdCcknNwMekCXRnWEUvgu5soYV8QXtVsrUD8B95MBOZGPvr6KQ=="],

    "oxlint": ["oxlint@0.15.15", "", { "optionalDependencies": { "@oxlint/darwin-arm64": "0.15.15", "@oxlint/darwin-x64": "0.15.15", "@oxlint/linux-arm64-gnu": "0.15.15", "@oxlint/linux-arm64-musl": "0.15.15", "@oxlint/linux-x64-gnu": "0.15.15", "@oxlint/linux-x64-musl": "0.15.15", "@oxlint/win32-arm64": "0.15.15", "@oxlint/win32-x64": "0.15.15" }, "bin": { "oxlint": "bin/oxlint", "oxc_language_server": "bin/oxc_language_server" } }, "sha512-oQNc1mAHrrbKiXyKJMGs9VCZfwGfLy7YiQKa4qupi71X/u4xyWqOh36YKXqWOXnmm2y7vfWFpGZlhJPAa9tMqA=="],

    "typescript": ["typescript@5.9.3", "", { "bin": { "tsc": "bin/tsc", "tsserver": "bin/tsserver" } }, "sha512-jl1vZzPDinLr9eUt3J/t7V6FgNEw9QjvBPdysz9KfQDD41fQrC2Y4vKQdiaUpFT4bXlb1RHhLpp8wtm6M5TgSw=="],

    "undici-types": ["undici-types@8.3.0", "", {}, "sha512-j375ScV60dom+YkPFIfTLcOiPxkN/buHz5GobjLhixFuANaNs3C9l4GmrWqejgXWJ7BbJcFYpTEUkS1Ge8bpZQ=="],

    "zod": ["zod@3.25.76", "", {}, "sha512-gzUt/qt81nXsFGKIFcC3YnfEAx5NkunCfnDlvuBSSFS02bcXu4Lmea0AFIUwbLWxWPx3d9p8S5QoaujKcNQxcQ=="],

    "zod-to-json-schema": ["zod-to-json-schema@3.25.2", "", { "peerDependencies": { "zod": "^3.25.28 || ^4" } }, "sha512-O/PgfnpT1xKSDeQYSCfRI5Gy3hPf91mKVDuYLUHZJMiDFptvP41MSnWofm8dnCm0256ZNfZIM7DSzuSMAFnjHA=="],
  }
}
